
Microsoft Visual Studio Solution File, Format Version 12.00
# Visual Studio Version 17
VisualStudioVersion = 17.14.36930.0 d17.14
MinimumVisualStudioVersion = 10.0.40219.1
Project("{888888A0-9F3D-457C-B088-3A5042F75D52}") = "LangraphResearch", "LangraphResearch.pyproj", "{78C5426B-9F5F-4D5B-90DE-D0C9CD62D0BB}"
EndProject
Global
	GlobalSection(SolutionConfigurationPlatforms) = preSolution
		Debug|Any CPU = Debug|Any CPU
		Release|Any CPU = Release|Any CPU
	EndGlobalSection
	GlobalSection(ProjectConfigurationPlatforms) = postSolution
		{78C5426B-9F5F-4D5B-90DE-D0C9CD62D0BB}.Debug|Any CPU.ActiveCfg = Debug|Any CPU
		{78C5426B-9F5F-4D5B-90DE-D0C9CD62D0BB}.Release|Any CPU.ActiveCfg = Release|Any CPU
	EndGlobalSection
	GlobalSection(SolutionProperties) = preSolution
		HideSolutionNode = FALSE
	EndGlobalSection
	GlobalSection(ExtensibilityGlobals) = postSolution
		SolutionGuid = {28311DA1-3C2C-4A33-AE5C-CCAEBA2B63CB}
	EndGlobalSection
EndGlobal
